
Microsoft Visual Studio Solution File, Format Version 12.00
# Visual Studio 14
VisualStudioVersion = 14.0.25420.1
MinimumVisualStudioVersion = 10.0.40219.1
Project("{FAE04EC0-301F-11D3-BF4B-00C04F79EFBC}") = "WebApplication2", "WebApplication2\WebApplication2.csproj", "{60D877B7-BDDA-4EEA-86BB-687654F2E528}"
EndProject
Project("{FAE04EC0-301F-11D3-BF4B-00C04F79EFBC}") = "WebApplication3", "WebApplication3\WebApplication3.csproj", "{0AC2067E-8D0B-4998-B601-D13D6B90404A}"
EndProject
Global
	GlobalSection(SolutionConfigurationPlatforms) = preSolution
		Debug|Any CPU = Debug|Any CPU
		Release|Any CPU = Release|Any CPU
	EndGlobalSection
	GlobalSection(ProjectConfigurationPlatforms) = postSolution
		{60D877B7-BDDA-4EEA-86BB-687654F2E528}.Debug|Any CPU.ActiveCfg = Debug|Any CPU
		{60D877B7-BDDA-4EEA-86BB-687654F2E528}.Debug|Any CPU.Build.0 = Debug|Any CPU
		{60D877B7-BDDA-4EEA-86BB-687654F2E528}.Release|Any CPU.ActiveCfg = Release|Any CPU
		{60D877B7-BDDA-4EEA-86BB-687654F2E528}.Release|Any CPU.Build.0 = Release|Any CPU
		{0AC2067E-8D0B-4998-B601-D13D6B90404A}.Debug|Any CPU.ActiveCfg = Debug|Any CPU
		{0AC2067E-8D0B-4998-B601-D13D6B90404A}.Debug|Any CPU.Build.0 = Debug|Any CPU
		{0AC2067E-8D0B-4998-B601-D13D6B90404A}.Release|Any CPU.ActiveCfg = Release|Any CPU
		{0AC2067E-8D0B-4998-B601-D13D6B90404A}.Release|Any CPU.Build.0 = Release|Any CPU
	EndGlobalSection
	GlobalSection(SolutionProperties) = preSolution
		HideSolutionNode = FALSE
	EndGlobalSection
EndGlobal
